Microsoft Visual Studio Solution File, Format Version 12.00
# Visual Studio Version 17
VisualStudioVersion = 17.13.35913.81
MinimumVisualStudioVersion = 10.0.40219.1
Project("{FAE04EC0-301F-11D3-BF4B-00C04F79EFBC}") = "LocadoraVeiculos", "API_LOCADORA_VEICULO\LocadoraVeiculos.csproj", "{62B7A32B-FA10-4FF3-8E4E-729B6268AAE9}"
EndProject
Global
	GlobalSection(SolutionConfigurationPlatforms) = preSolution
		Debug|Any CPU = Debug|Any CPU
		Release|Any CPU = Release|Any CPU
	EndGlobalSection
	GlobalSection(ProjectConfigurationPlatforms) = postSolution
		{62B7A32B-FA10-4FF3-8E4E-729B6268AAE9}.Debug|Any CPU.ActiveCfg = Debug|Any CPU
		{62B7A32B-FA10-4FF3-8E4E-729B6268AAE9}.Debug|Any CPU.Build.0 = Debug|Any CPU
		{62B7A32B-FA10-4FF3-8E4E-729B6268AAE9}.Release|Any CPU.ActiveCfg = Release|Any CPU
		{62B7A32B-FA10-4FF3-8E4E-729B6268AAE9}.Release|Any CPU.Build.0 = Release|Any CPU
	EndGlobalSection
	GlobalSection(SolutionProperties) = preSolution
		HideSolutionNode = FALSE
	EndGlobalSection
	GlobalSection(ExtensibilityGlobals) = postSolution
		SolutionGuid = {9FFD0549-D6DD-469D-A291-64B33FBE2B4C}
	EndGlobalSection
EndGlobal
